
Microsoft Visual Studio Solution File, Format Version 12.00
# Visual Studio Version 16
VisualStudioVersion = 16.0.31410.357
MinimumVisualStudioVersion = 10.0.40219.1
Project("{9A19103F-16F7-4668-BE54-9A1E7A4F7556}") = "NewOrder.Account", "NewOrder.Account\NewOrder.Account.csproj", "{401A0BF3-05A9-4405-8FED-84FA91218E4B}"
EndProject
Project("{9A19103F-16F7-4668-BE54-9A1E7A4F7556}") = "NewOrder.Custody", "NewOrder.Custody\NewOrder.Custody.csproj", "{E6862BCB-B999-4088-9110-D5A80D066988}"
EndProject
Project("{9A19103F-16F7-4668-BE54-9A1E7A4F7556}") = "NewOrder.Order", "NewOrder.Order\NewOrder.Order.csproj", "{4988B94C-72D3-4F70-B119-AC3B4893615D}"
EndProject
Project("{2150E333-8FDC-42A3-9474-1A3956D46DE8}") = "Account", "Account", "{058BB3E8-F4E3-4418-93E8-920822270965}"
EndProject
Project("{2150E333-8FDC-42A3-9474-1A3956D46DE8}") = "Custody", "Custody", "{7219AFDA-89ED-4680-8E96-41C37224ADA4}"
EndProject
Project("{2150E333-8FDC-42A3-9474-1A3956D46DE8}") = "Order", "Order", "{C7B967B9-8DAA-485D-BC25-177353F9BC3E}"
EndProject
Project("{9A19103F-16F7-4668-BE54-9A1E7A4F7556}") = "NewOrder.Order.WebApi", "NewOrder.Order.WebApi\NewOrder.Order.WebApi.csproj", "{A09D8BAE-D426-44B3-9F24-39721CB126A9}"
EndProject
Project("{FAE04EC0-301F-11D3-BF4B-00C04F79EFBC}") = "NewOrder.Account.WebApi", "NewOrder.Account.WebApi\NewOrder.Account.WebApi.csproj", "{B75F3ECC-0494-4857-8696-BDF655E55C7C}"
EndProject
Project("{9A19103F-16F7-4668-BE54-9A1E7A4F7556}") = "NewOrder.Account.Test", "NewOrder.Account.Test\NewOrder.Account.Test.csproj", "{8C04C572-1B00-4EBA-8298-D735E0C6011A}"
EndProject
Global
	GlobalSection(SolutionConfigurationPlatforms) = preSolution
		Debug|Any CPU = Debug|Any CPU
		Release|Any CPU = Release|Any CPU
	EndGlobalSection
	GlobalSection(ProjectConfigurationPlatforms) = postSolution
		{401A0BF3-05A9-4405-8FED-84FA91218E4B}.Debug|Any CPU.ActiveCfg = Debug|Any CPU
		{401A0BF3-05A9-4405-8FED-84FA91218E4B}.Debug|Any CPU.Build.0 = Debug|Any CPU
		{401A0BF3-05A9-4405-8FED-84FA91218E4B}.Release|Any CPU.ActiveCfg = Release|Any CPU
		{401A0BF3-05A9-4405-8FED-84FA91218E4B}.Release|Any CPU.Build.0 = Release|Any CPU
		{E6862BCB-B999-4088-9110-D5A80D066988}.Debug|Any CPU.ActiveCfg = Debug|Any CPU
		{E6862BCB-B999-4088-9110-D5A80D066988}.Debug|Any CPU.Build.0 = Debug|Any CPU
		{E6862BCB-B999-4088-9110-D5A80D066988}.Release|Any CPU.ActiveCfg = Release|Any CPU
		{E6862BCB-B999-4088-9110-D5A80D066988}.Release|Any CPU.Build.0 = Release|Any CPU
		{4988B94C-72D3-4F70-B119-AC3B4893615D}.Debug|Any CPU.ActiveCfg = Debug|Any CPU
		{4988B94C-72D3-4F70-B119-AC3B4893615D}.Debug|Any CPU.Build.0 = Debug|Any CPU
		{4988B94C-72D3-4F70-B119-AC3B4893615D}.Release|Any CPU.ActiveCfg = Release|Any CPU
		{4988B94C-72D3-4F70-B119-AC3B4893615D}.Release|Any CPU.Build.0 = Release|Any CPU
		{A09D8BAE-D426-44B3-9F24-39721CB126A9}.Debug|Any CPU.ActiveCfg = Debug|Any CPU
		{A09D8BAE-D426-44B3-9F24-39721CB126A9}.Debug|Any CPU.Build.0 = Debug|Any CPU
		{A09D8BAE-D426-44B3-9F24-39721CB126A9}.Release|Any CPU.ActiveCfg = Release|Any CPU
		{A09D8BAE-D426-44B3-9F24-39721CB126A9}.Release|Any CPU.Build.0 = Release|Any CPU
		{B75F3ECC-0494-4857-8696-BDF655E55C7C}.Debug|Any CPU.ActiveCfg = Debug|Any CPU
		{B75F3ECC-0494-4857-8696-BDF655E55C7C}.Debug|Any CPU.Build.0 = Debug|Any CPU
		{B75F3ECC-0494-4857-8696-BDF655E55C7C}.Release|Any CPU.ActiveCfg = Release|Any CPU
		{B75F3ECC-0494-4857-8696-BDF655E55C7C}.Release|Any CPU.Build.0 = Release|Any CPU
		{8C04C572-1B00-4EBA-8298-D735E0C6011A}.Debug|Any CPU.ActiveCfg = Debug|Any CPU
		{8C04C572-1B00-4EBA-8298-D735E0C6011A}.Debug|Any CPU.Build.0 = Debug|Any CPU
		{8C04C572-1B00-4EBA-8298-D735E0C6011A}.Release|Any CPU.ActiveCfg = Release|Any CPU
		{8C04C572-1B00-4EBA-8298-D735E0C6011A}.Release|Any CPU.Build.0 = Release|Any CPU
	EndGlobalSection
	GlobalSection(SolutionProperties) = preSolution
		HideSolutionNode = FALSE
	EndGlobalSection
	GlobalSection(NestedProjects) = preSolution
		{401A0BF3-05A9-4405-8FED-84FA91218E4B} = {058BB3E8-F4E3-4418-93E8-920822270965}
		{E6862BCB-B999-4088-9110-D5A80D066988} = {7219AFDA-89ED-4680-8E96-41C37224ADA4}
		{4988B94C-72D3-4F70-B119-AC3B4893615D} = {C7B967B9-8DAA-485D-BC25-177353F9BC3E}
		{A09D8BAE-D426-44B3-9F24-39721CB126A9} = {C7B967B9-8DAA-485D-BC25-177353F9BC3E}
		{B75F3ECC-0494-4857-8696-BDF655E55C7C} = {058BB3E8-F4E3-4418-93E8-920822270965}
		{8C04C572-1B00-4EBA-8298-D735E0C6011A} = {058BB3E8-F4E3-4418-93E8-920822270965}
	EndGlobalSection
	GlobalSection(ExtensibilityGlobals) = postSolution
		SolutionGuid = {597D6E68-9DE8-4FF7-9D76-09D8DD5CB18E}
	EndGlobalSection
EndGlobal
